
Microsoft Visual Studio Solution File, Format Version 12.00
# Visual Studio Version 16
VisualStudioVersion = 16.0.30114.105
MinimumVisualStudioVersion = 10.0.40219.1
Project("{FAE04EC0-301F-11D3-BF4B-00C04F79EFBC}") = "ProjectSatu", "ProjectSatu\ProjectSatu.csproj", "{860926C1-BE89-4C54-B8A5-FF7872B9E91C}"
EndProject
Project("{FAE04EC0-301F-11D3-BF4B-00C04F79EFBC}") = "ProjectDua", "ProjectDua\ProjectDua.csproj", "{693BA42E-10EA-44FE-B5EA-B36694BF54E0}"
EndProject
Project("{FAE04EC0-301F-11D3-BF4B-00C04F79EFBC}") = "ProjectCar", "ProjectCar\ProjectCar.csproj", "{37B22136-1683-4080-9F5D-CBE928AEA3A7}"
EndProject
Project("{2150E333-8FDC-42A3-9474-1A3956D46DE8}") = "A. Day1", "A. Day1", "{5ABFD9C3-2690-466C-83AD-FED9B7FB2B72}"
EndProject
Project("{2150E333-8FDC-42A3-9474-1A3956D46DE8}") = "B. Day2", "B. Day2", "{2D7347EE-F32B-461B-B4D1-323B3E49A6D3}"
EndProject
Project("{FAE04EC0-301F-11D3-BF4B-00C04F79EFBC}") = "ProjectTiga", "ProjectTiga\ProjectTiga.csproj", "{E5F36B2F-47DA-4BB4-B241-1C4E4C165A64}"
EndProject
Project("{FAE04EC0-301F-11D3-BF4B-00C04F79EFBC}") = "ProjectAnimal", "ProjectAnimal\ProjectAnimal.csproj", "{CC6D9FB9-7D19-48A6-B91D-1FF4AEC2C6BB}"
EndProject
Project("{2150E333-8FDC-42A3-9474-1A3956D46DE8}") = "C. Day3", "C. Day3", "{584B653D-5808-4143-8299-48E2E8606A18}"
EndProject
Project("{FAE04EC0-301F-11D3-BF4B-00C04F79EFBC}") = "Encapsulation.cs", "Encapsulation.cs\Encapsulation.cs.csproj", "{0A4A62E1-BD05-4E29-BF9B-6B701359C686}"
EndProject
Project("{FAE04EC0-301F-11D3-BF4B-00C04F79EFBC}") = "Polymorphism", "Polymorphism\Polymorphism.csproj", "{9F737EE4-3FB2-4E40-B549-C09490F88C1B}"
EndProject
Project("{FAE04EC0-301F-11D3-BF4B-00C04F79EFBC}") = "Inheritance.cs", "Inheritance.cs\Inheritance.cs.csproj", "{12822356-B1F3-4F54-8E0B-0F37A686A44C}"
EndProject
Project("{2150E333-8FDC-42A3-9474-1A3956D46DE8}") = "D. Day4", "D. Day4", "{93723ABD-316D-4494-9325-2B79F5F93B34}"
EndProject
Project("{FAE04EC0-301F-11D3-BF4B-00C04F79EFBC}") = "ClassKinara", "ClassKinara\ClassKinara.csproj", "{EA9337E3-B635-463C-A76B-A1A9800DE555}"
EndProject
Project("{FAE04EC0-301F-11D3-BF4B-00C04F79EFBC}") = "ClassFahmi", "ClassFahmi\ClassFahmi.csproj", "{76DBCE1D-2EB1-4ABD-BC10-8775AC6EB99F}"
EndProject
Project("{FAE04EC0-301F-11D3-BF4B-00C04F79EFBC}") = "Casting.cs", "Casting.cs\Casting.cs.csproj", "{02E42E08-3E40-44D1-A4C4-D43BDA8F0FA5}"
EndProject
Project("{2150E333-8FDC-42A3-9474-1A3956D46DE8}") = "E. Day5", "E. Day5", "{EDDCFBF2-1728-4471-9B6C-F965C57A3CDF}"
EndProject
Project("{2150E333-8FDC-42A3-9474-1A3956D46DE8}") = "F. Day6", "F. Day6", "{A57CEF73-F616-4215-908D-9F567E539C9C}"
EndProject
Project("{FAE04EC0-301F-11D3-BF4B-00C04F79EFBC}") = "RefInOut", "RefInOut\RefInOut.csproj", "{1943E01B-CCD7-492E-AB26-AC8D8DB4D059}"
EndProject
Project("{2150E333-8FDC-42A3-9474-1A3956D46DE8}") = "G. Day7", "G. Day7", "{860D0D28-7DD0-4D88-9981-B093B5A002D0}"
EndProject
Project("{FAE04EC0-301F-11D3-BF4B-00C04F79EFBC}") = "Delegate", "Delegate\Delegate.csproj", "{B78E7D00-27E7-4995-A7A1-8D28695FD220}"
EndProject
Project("{2150E333-8FDC-42A3-9474-1A3956D46DE8}") = "H Day8", "H Day8", "{9FD88401-0D63-4794-9377-78C1FA64EE43}"
EndProject
Project("{FAE04EC0-301F-11D3-BF4B-00C04F79EFBC}") = "Event Delegate", "Event Delegate\Event Delegate.csproj", "{A83982A9-9125-4B50-BD98-C574E5595BF2}"
EndProject
Project("{FAE04EC0-301F-11D3-BF4B-00C04F79EFBC}") = "Tugas1", "Tugas1\Tugas1.csproj", "{A0B1DF82-6EB3-4D8D-AC59-1F849A280BF9}"
EndProject
Project("{2150E333-8FDC-42A3-9474-1A3956D46DE8}") = "I. Day9", "I. Day9", "{53408EEB-BCA6-4A80-A4DD-CF6495701FFD}"
EndProject
Project("{FAE04EC0-301F-11D3-BF4B-00C04F79EFBC}") = "OpertaorOverloading", "OpertaorOverloading\OpertaorOverloading.csproj", "{75BD7FF3-C025-48EE-A623-136E1F55032B}"
EndProject
Project("{FAE04EC0-301F-11D3-BF4B-00C04F79EFBC}") = "Inumerator", "Inumerator\Inumerator.csproj", "{8896D60A-331F-4EED-B657-AC100B396D97}"
EndProject
Project("{FAE04EC0-301F-11D3-BF4B-00C04F79EFBC}") = "StringMeth", "StringMeth\StringMeth.csproj", "{F880C74A-135D-425A-B53E-D910F0230E90}"
EndProject
Project("{FAE04EC0-301F-11D3-BF4B-00C04F79EFBC}") = "EqualsComparison", "EqualsComparison\EqualsComparison.csproj", "{A37D5196-B29B-4A84-B19F-AB84A2B19D9F}"
EndProject
Project("{2150E333-8FDC-42A3-9474-1A3956D46DE8}") = "J. Day10", "J. Day10", "{73EF0EB5-9209-45E0-B229-56EA7CCBE6DD}"
EndProject
Project("{FAE04EC0-301F-11D3-BF4B-00C04F79EFBC}") = "Collection", "Collection\Collection.csproj", "{BBC5FD8B-1E39-484F-9F1F-A02AC57F7A2A}"
EndProject
Project("{2150E333-8FDC-42A3-9474-1A3956D46DE8}") = "K. Day11", "K. Day11", "{428823E0-27AB-4856-8341-3538B7BCD4DC}"
EndProject
Global
	GlobalSection(SolutionConfigurationPlatforms) = preSolution
		Debug|Any CPU = Debug|Any CPU
		Release|Any CPU = Release|Any CPU
	EndGlobalSection
	GlobalSection(SolutionProperties) = preSolution
		HideSolutionNode = FALSE
	EndGlobalSection
	GlobalSection(ProjectConfigurationPlatforms) = postSolution
		{3A90D48C-870F-433C-BF95-B8A1B2C681EB}.Debug|Any CPU.ActiveCfg = Debug|Any CPU
		{3A90D48C-870F-433C-BF95-B8A1B2C681EB}.Debug|Any CPU.Build.0 = Debug|Any CPU
		{3A90D48C-870F-433C-BF95-B8A1B2C681EB}.Release|Any CPU.ActiveCfg = Release|Any CPU
		{3A90D48C-870F-433C-BF95-B8A1B2C681EB}.Release|Any CPU.Build.0 = Release|Any CPU
		{90D12BCB-AD23-4182-AE57-98110BAA10A8}.Debug|Any CPU.ActiveCfg = Debug|Any CPU
		{90D12BCB-AD23-4182-AE57-98110BAA10A8}.Debug|Any CPU.Build.0 = Debug|Any CPU
		{90D12BCB-AD23-4182-AE57-98110BAA10A8}.Release|Any CPU.ActiveCfg = Release|Any CPU
		{90D12BCB-AD23-4182-AE57-98110BAA10A8}.Release|Any CPU.Build.0 = Release|Any CPU
		{556A148C-AAB7-4879-AA07-00A09B336E7D}.Debug|Any CPU.ActiveCfg = Debug|Any CPU
		{556A148C-AAB7-4879-AA07-00A09B336E7D}.Debug|Any CPU.Build.0 = Debug|Any CPU
		{556A148C-AAB7-4879-AA07-00A09B336E7D}.Release|Any CPU.ActiveCfg = Release|Any CPU
		{556A148C-AAB7-4879-AA07-00A09B336E7D}.Release|Any CPU.Build.0 = Release|Any CPU
		{B5503159-46EF-4DE4-88D6-904E31474127}.Debug|Any CPU.ActiveCfg = Debug|Any CPU
		{B5503159-46EF-4DE4-88D6-904E31474127}.Debug|Any CPU.Build.0 = Debug|Any CPU
		{B5503159-46EF-4DE4-88D6-904E31474127}.Release|Any CPU.ActiveCfg = Release|Any CPU
		{B5503159-46EF-4DE4-88D6-904E31474127}.Release|Any CPU.Build.0 = Release|Any CPU
		{860926C1-BE89-4C54-B8A5-FF7872B9E91C}.Debug|Any CPU.ActiveCfg = Debug|Any CPU
		{860926C1-BE89-4C54-B8A5-FF7872B9E91C}.Debug|Any CPU.Build.0 = Debug|Any CPU
		{860926C1-BE89-4C54-B8A5-FF7872B9E91C}.Release|Any CPU.ActiveCfg = Release|Any CPU
		{860926C1-BE89-4C54-B8A5-FF7872B9E91C}.Release|Any CPU.Build.0 = Release|Any CPU
		{693BA42E-10EA-44FE-B5EA-B36694BF54E0}.Debug|Any CPU.ActiveCfg = Debug|Any CPU
		{693BA42E-10EA-44FE-B5EA-B36694BF54E0}.Debug|Any CPU.Build.0 = Debug|Any CPU
		{693BA42E-10EA-44FE-B5EA-B36694BF54E0}.Release|Any CPU.ActiveCfg = Release|Any CPU
		{693BA42E-10EA-44FE-B5EA-B36694BF54E0}.Release|Any CPU.Build.0 = Release|Any CPU
		{37B22136-1683-4080-9F5D-CBE928AEA3A7}.Debug|Any CPU.ActiveCfg = Debug|Any CPU
		{37B22136-1683-4080-9F5D-CBE928AEA3A7}.Debug|Any CPU.Build.0 = Debug|Any CPU
		{37B22136-1683-4080-9F5D-CBE928AEA3A7}.Release|Any CPU.ActiveCfg = Release|Any CPU
		{37B22136-1683-4080-9F5D-CBE928AEA3A7}.Release|Any CPU.Build.0 = Release|Any CPU
		{E5F36B2F-47DA-4BB4-B241-1C4E4C165A64}.Debug|Any CPU.ActiveCfg = Debug|Any CPU
		{E5F36B2F-47DA-4BB4-B241-1C4E4C165A64}.Debug|Any CPU.Build.0 = Debug|Any CPU
		{E5F36B2F-47DA-4BB4-B241-1C4E4C165A64}.Release|Any CPU.ActiveCfg = Release|Any CPU
		{E5F36B2F-47DA-4BB4-B241-1C4E4C165A64}.Release|Any CPU.Build.0 = Release|Any CPU
		{CC6D9FB9-7D19-48A6-B91D-1FF4AEC2C6BB}.Debug|Any CPU.ActiveCfg = Debug|Any CPU
		{CC6D9FB9-7D19-48A6-B91D-1FF4AEC2C6BB}.Debug|Any CPU.Build.0 = Debug|Any CPU
		{CC6D9FB9-7D19-48A6-B91D-1FF4AEC2C6BB}.Release|Any CPU.ActiveCfg = Release|Any CPU
		{CC6D9FB9-7D19-48A6-B91D-1FF4AEC2C6BB}.Release|Any CPU.Build.0 = Release|Any CPU
		{0A4A62E1-BD05-4E29-BF9B-6B701359C686}.Debug|Any CPU.ActiveCfg = Debug|Any CPU
		{0A4A62E1-BD05-4E29-BF9B-6B701359C686}.Debug|Any CPU.Build.0 = Debug|Any CPU
		{0A4A62E1-BD05-4E29-BF9B-6B701359C686}.Release|Any CPU.ActiveCfg = Release|Any CPU
		{0A4A62E1-BD05-4E29-BF9B-6B701359C686}.Release|Any CPU.Build.0 = Release|Any CPU
		{9F737EE4-3FB2-4E40-B549-C09490F88C1B}.Debug|Any CPU.ActiveCfg = Debug|Any CPU
		{9F737EE4-3FB2-4E40-B549-C09490F88C1B}.Debug|Any CPU.Build.0 = Debug|Any CPU
		{9F737EE4-3FB2-4E40-B549-C09490F88C1B}.Release|Any CPU.ActiveCfg = Release|Any CPU
		{9F737EE4-3FB2-4E40-B549-C09490F88C1B}.Release|Any CPU.Build.0 = Release|Any CPU
		{12822356-B1F3-4F54-8E0B-0F37A686A44C}.Debug|Any CPU.ActiveCfg = Debug|Any CPU
		{12822356-B1F3-4F54-8E0B-0F37A686A44C}.Debug|Any CPU.Build.0 = Debug|Any CPU
		{12822356-B1F3-4F54-8E0B-0F37A686A44C}.Release|Any CPU.ActiveCfg = Release|Any CPU
		{12822356-B1F3-4F54-8E0B-0F37A686A44C}.Release|Any CPU.Build.0 = Release|Any CPU
		{EA9337E3-B635-463C-A76B-A1A9800DE555}.Debug|Any CPU.ActiveCfg = Debug|Any CPU
		{EA9337E3-B635-463C-A76B-A1A9800DE555}.Debug|Any CPU.Build.0 = Debug|Any CPU
		{EA9337E3-B635-463C-A76B-A1A9800DE555}.Release|Any CPU.ActiveCfg = Release|Any CPU
		{EA9337E3-B635-463C-A76B-A1A9800DE555}.Release|Any CPU.Build.0 = Release|Any CPU
		{76DBCE1D-2EB1-4ABD-BC10-8775AC6EB99F}.Debug|Any CPU.ActiveCfg = Debug|Any CPU
		{76DBCE1D-2EB1-4ABD-BC10-8775AC6EB99F}.Debug|Any CPU.Build.0 = Debug|Any CPU
		{76DBCE1D-2EB1-4ABD-BC10-8775AC6EB99F}.Release|Any CPU.ActiveCfg = Release|Any CPU
		{76DBCE1D-2EB1-4ABD-BC10-8775AC6EB99F}.Release|Any CPU.Build.0 = Release|Any CPU
		{02E42E08-3E40-44D1-A4C4-D43BDA8F0FA5}.Debug|Any CPU.ActiveCfg = Debug|Any CPU
		{02E42E08-3E40-44D1-A4C4-D43BDA8F0FA5}.Debug|Any CPU.Build.0 = Debug|Any CPU
		{02E42E08-3E40-44D1-A4C4-D43BDA8F0FA5}.Release|Any CPU.ActiveCfg = Release|Any CPU
		{02E42E08-3E40-44D1-A4C4-D43BDA8F0FA5}.Release|Any CPU.Build.0 = Release|Any CPU
		{1943E01B-CCD7-492E-AB26-AC8D8DB4D059}.Debug|Any CPU.ActiveCfg = Debug|Any CPU
		{1943E01B-CCD7-492E-AB26-AC8D8DB4D059}.Debug|Any CPU.Build.0 = Debug|Any CPU
		{1943E01B-CCD7-492E-AB26-AC8D8DB4D059}.Release|Any CPU.ActiveCfg = Release|Any CPU
		{1943E01B-CCD7-492E-AB26-AC8D8DB4D059}.Release|Any CPU.Build.0 = Release|Any CPU
		{B78E7D00-27E7-4995-A7A1-8D28695FD220}.Debug|Any CPU.ActiveCfg = Debug|Any CPU
		{B78E7D00-27E7-4995-A7A1-8D28695FD220}.Debug|Any CPU.Build.0 = Debug|Any CPU
		{B78E7D00-27E7-4995-A7A1-8D28695FD220}.Release|Any CPU.ActiveCfg = Release|Any CPU
		{B78E7D00-27E7-4995-A7A1-8D28695FD220}.Release|Any CPU.Build.0 = Release|Any CPU
		{A83982A9-9125-4B50-BD98-C574E5595BF2}.Debug|Any CPU.ActiveCfg = Debug|Any CPU
		{A83982A9-9125-4B50-BD98-C574E5595BF2}.Debug|Any CPU.Build.0 = Debug|Any CPU
		{A83982A9-9125-4B50-BD98-C574E5595BF2}.Release|Any CPU.ActiveCfg = Release|Any CPU
		{A83982A9-9125-4B50-BD98-C574E5595BF2}.Release|Any CPU.Build.0 = Release|Any CPU
		{A0B1DF82-6EB3-4D8D-AC59-1F849A280BF9}.Debug|Any CPU.ActiveCfg = Debug|Any CPU
		{A0B1DF82-6EB3-4D8D-AC59-1F849A280BF9}.Debug|Any CPU.Build.0 = Debug|Any CPU
		{A0B1DF82-6EB3-4D8D-AC59-1F849A280BF9}.Release|Any CPU.ActiveCfg = Release|Any CPU
		{A0B1DF82-6EB3-4D8D-AC59-1F849A280BF9}.Release|Any CPU.Build.0 = Release|Any CPU
		{75BD7FF3-C025-48EE-A623-136E1F55032B}.Debug|Any CPU.ActiveCfg = Debug|Any CPU
		{75BD7FF3-C025-48EE-A623-136E1F55032B}.Debug|Any CPU.Build.0 = Debug|Any CPU
		{75BD7FF3-C025-48EE-A623-136E1F55032B}.Release|Any CPU.ActiveCfg = Release|Any CPU
		{75BD7FF3-C025-48EE-A623-136E1F55032B}.Release|Any CPU.Build.0 = Release|Any CPU
		{8896D60A-331F-4EED-B657-AC100B396D97}.Debug|Any CPU.ActiveCfg = Debug|Any CPU
		{8896D60A-331F-4EED-B657-AC100B396D97}.Debug|Any CPU.Build.0 = Debug|Any CPU
		{8896D60A-331F-4EED-B657-AC100B396D97}.Release|Any CPU.ActiveCfg = Release|Any CPU
		{8896D60A-331F-4EED-B657-AC100B396D97}.Release|Any CPU.Build.0 = Release|Any CPU
		{F880C74A-135D-425A-B53E-D910F0230E90}.Debug|Any CPU.ActiveCfg = Debug|Any CPU
		{F880C74A-135D-425A-B53E-D910F0230E90}.Debug|Any CPU.Build.0 = Debug|Any CPU
		{F880C74A-135D-425A-B53E-D910F0230E90}.Release|Any CPU.ActiveCfg = Release|Any CPU
		{F880C74A-135D-425A-B53E-D910F0230E90}.Release|Any CPU.Build.0 = Release|Any CPU
		{A37D5196-B29B-4A84-B19F-AB84A2B19D9F}.Debug|Any CPU.ActiveCfg = Debug|Any CPU
		{A37D5196-B29B-4A84-B19F-AB84A2B19D9F}.Debug|Any CPU.Build.0 = Debug|Any CPU
		{A37D5196-B29B-4A84-B19F-AB84A2B19D9F}.Release|Any CPU.ActiveCfg = Release|Any CPU
		{A37D5196-B29B-4A84-B19F-AB84A2B19D9F}.Release|Any CPU.Build.0 = Release|Any CPU
		{BBC5FD8B-1E39-484F-9F1F-A02AC57F7A2A}.Debug|Any CPU.ActiveCfg = Debug|Any CPU
		{BBC5FD8B-1E39-484F-9F1F-A02AC57F7A2A}.Debug|Any CPU.Build.0 = Debug|Any CPU
		{BBC5FD8B-1E39-484F-9F1F-A02AC57F7A2A}.Release|Any CPU.ActiveCfg = Release|Any CPU
		{BBC5FD8B-1E39-484F-9F1F-A02AC57F7A2A}.Release|Any CPU.Build.0 = Release|Any CPU
	EndGlobalSection
	GlobalSection(NestedProjects) = preSolution
		{F880C74A-135D-425A-B53E-D910F0230E90} = {73EF0EB5-9209-45E0-B229-56EA7CCBE6DD}
		{A37D5196-B29B-4A84-B19F-AB84A2B19D9F} = {73EF0EB5-9209-45E0-B229-56EA7CCBE6DD}
		{75BD7FF3-C025-48EE-A623-136E1F55032B} = {53408EEB-BCA6-4A80-A4DD-CF6495701FFD}
		{8896D60A-331F-4EED-B657-AC100B396D97} = {53408EEB-BCA6-4A80-A4DD-CF6495701FFD}
		{A83982A9-9125-4B50-BD98-C574E5595BF2} = {9FD88401-0D63-4794-9377-78C1FA64EE43}
		{A0B1DF82-6EB3-4D8D-AC59-1F849A280BF9} = {9FD88401-0D63-4794-9377-78C1FA64EE43}
		{B78E7D00-27E7-4995-A7A1-8D28695FD220} = {860D0D28-7DD0-4D88-9981-B093B5A002D0}
		{1943E01B-CCD7-492E-AB26-AC8D8DB4D059} = {A57CEF73-F616-4215-908D-9F567E539C9C}
		{02E42E08-3E40-44D1-A4C4-D43BDA8F0FA5} = {EDDCFBF2-1728-4471-9B6C-F965C57A3CDF}
		{76DBCE1D-2EB1-4ABD-BC10-8775AC6EB99F} = {93723ABD-316D-4494-9325-2B79F5F93B34}
		{EA9337E3-B635-463C-A76B-A1A9800DE555} = {93723ABD-316D-4494-9325-2B79F5F93B34}
		{12822356-B1F3-4F54-8E0B-0F37A686A44C} = {584B653D-5808-4143-8299-48E2E8606A18}
		{9F737EE4-3FB2-4E40-B549-C09490F88C1B} = {584B653D-5808-4143-8299-48E2E8606A18}
		{0A4A62E1-BD05-4E29-BF9B-6B701359C686} = {584B653D-5808-4143-8299-48E2E8606A18}
		{CC6D9FB9-7D19-48A6-B91D-1FF4AEC2C6BB} = {2D7347EE-F32B-461B-B4D1-323B3E49A6D3}
		{E5F36B2F-47DA-4BB4-B241-1C4E4C165A64} = {2D7347EE-F32B-461B-B4D1-323B3E49A6D3}
		{693BA42E-10EA-44FE-B5EA-B36694BF54E0} = {2D7347EE-F32B-461B-B4D1-323B3E49A6D3}
		{37B22136-1683-4080-9F5D-CBE928AEA3A7} = {2D7347EE-F32B-461B-B4D1-323B3E49A6D3}
		{860926C1-BE89-4C54-B8A5-FF7872B9E91C} = {5ABFD9C3-2690-466C-83AD-FED9B7FB2B72}
	EndGlobalSection
EndGlobal
